<?xml version="1.0" encoding="utf-8"?>
<Project ToolsVersion="4.0" xmlns="http://schemas.microsoft.com/developer/msbuild/2003">
  <ItemGroup>
    <Filter Include="Source Files">
      <UniqueIdentifier>{4FC737F1-C7A5-4376-A066-2A32D752A2FF}</UniqueIdentifier>
      <Extensions>cpp;c;cc;cxx;def;odl;idl;hpj;bat;asm;asmx</Extensions>
    </Filter>
    <Filter Include="Header Files">
      <UniqueIdentifier>{93995380-89BD-4b04-88EB-625FBE52EBFB}</UniqueIdentifier>
      <Extensions>h;hpp;hxx;hm;inl;inc;xsd</Extensions>
    </Filter>
    <Filter Include="Resource Files">
      <UniqueIdentifier>{67DA6AB6-F800-4c08-8B7A-83BB121AAD01}</UniqueIdentifier>
      <Extensions>rc;ico;cur;bmp;dlg;rc2;rct;bin;rgs;gif;jpg;jpeg;jpe;resx;tiff;tif;png;wav;mfcribbon-ms</Extensions>
    </Filter>
    <Filter Include="Header Files\gfx">
      <UniqueIdentifier>{e2a6732e-2cc1-4ad0-9d08-1afcacd2c4e2}</UniqueIdentifier>
    </Filter>
    <Filter Include="Source Files\gfx">
      <UniqueIdentifier>{4cab3aa0-5ed1-47f5-bd1b-eeced0b49fa4}</UniqueIdentifier>
    </Filter>
    <Filter Include="Header Files\gfx\renderables">
      <UniqueIdentifier>{3cc59c58-0014-4d00-a59e-c60e5bd91681}</UniqueIdentifier>
    </Filter>
    <Filter Include="Source Files\gfx\renderables">
      <UniqueIdentifier>{42a8684c-871c-41eb-94fc-1c3af36c7b41}</UniqueIdentifier>
    </Filter>
    <Filter Include="Header Files\shared">
      <UniqueIdentifier>{c3718cdb-8104-4571-919e-236d54839e82}</UniqueIdentifier>
    </Filter>
    <Filter Include="Header Files\shared\math">
      <UniqueIdentifier>{bef19232-1868-44bf-acd8-c9ead5fbd8df}</UniqueIdentifier>
    </Filter>
    <Filter Include="Header Files\shared\bb">
      <UniqueIdentifier>{f2ad0508-3d5d-469c-9fff-e744c59c8889}</UniqueIdentifier>
    </Filter>
    <Filter Include="Header Files\gfx\experimental">
      <UniqueIdentifier>{7a00f45a-2247-465d-933e-776cd0a502e1}</UniqueIdentifier>
    </Filter>
    <Filter Include="Source Files\gfx\experimental">
      <UniqueIdentifier>{0782b7b4-c464-480a-b911-21d256dbe9fc}</UniqueIdentifier>
    </Filter>
  </ItemGroup>
  <ItemGroup>
    <ClInclude Include="src\Universe.h">
      <Filter>Source Files</Filter>
    </ClInclude>
    <ClInclude Include="src\gfx\experimental\SimpleMeshImporter.h">
      <Filter>Source Files\gfx\experimental</Filter>
    </ClInclude>
    <ClInclude Include="src\gfx\experimental\SimpleMeshExporter.h">
      <Filter>Source Files\gfx\experimental</Filter>
    </ClInclude>
    <ClInclude Include="src\gfx\GLEnums.inl">
      <Filter>Source Files\gfx</Filter>
    </ClInclude>
    <ClInclude Include="include\mcr\gfx\experimental\GeometryBuffer.h">
      <Filter>Header Files\gfx\experimental</Filter>
    </ClInclude>
    <ClInclude Include="include\mcr\gfx\experimental\IImageImporter.h">
      <Filter>Header Files\gfx\experimental</Filter>
    </ClInclude>
    <ClInclude Include="include\mcr\gfx\experimental\IMeshExporter.h">
      <Filter>Header Files\gfx\experimental</Filter>
    </ClInclude>
    <ClInclude Include="include\mcr\gfx\experimental\IMeshImporter.h">
      <Filter>Header Files\gfx\experimental</Filter>
    </ClInclude>
    <ClInclude Include="include\mcr\gfx\experimental\Mesh.h">
      <Filter>Header Files\gfx\experimental</Filter>
    </ClInclude>
    <ClInclude Include="include\mcr\gfx\experimental\MeshStorage.h">
      <Filter>Header Files\gfx\experimental</Filter>
    </ClInclude>
    <ClInclude Include="include\mcr\gfx\renderables\Mesh.h">
      <Filter>Header Files\gfx\renderables</Filter>
    </ClInclude>
    <ClInclude Include="include\mcr\gfx\renderables\Renderable.h">
      <Filter>Header Files\gfx\renderables</Filter>
    </ClInclude>
    <ClInclude Include="include\mcr\gfx\renderables\SpriteBatch.h">
      <Filter>Header Files\gfx\renderables</Filter>
    </ClInclude>
    <ClInclude Include="include\mcr\gfx\GLUtility.h">
      <Filter>Header Files\gfx</Filter>
    </ClInclude>
    <ClInclude Include="include\mcr\gfx\GType.h">
      <Filter>Header Files\gfx</Filter>
    </ClInclude>
    <ClInclude Include="include\mcr\gfx\Image.h">
      <Filter>Header Files\gfx</Filter>
    </ClInclude>
    <ClInclude Include="include\mcr\gfx\ImageFormat.h">
      <Filter>Header Files\gfx</Filter>
    </ClInclude>
    <ClInclude Include="include\mcr\gfx\ISprite.h">
      <Filter>Header Files\gfx</Filter>
    </ClInclude>
    <ClInclude Include="include\mcr\gfx\Material.h">
      <Filter>Header Files\gfx</Filter>
    </ClInclude>
    <ClInclude Include="include\mcr\gfx\MaterialManager.h">
      <Filter>Header Files\gfx</Filter>
    </ClInclude>
    <ClInclude Include="include\mcr\gfx\RenderAtom.h">
      <Filter>Header Files\gfx</Filter>
    </ClInclude>
    <ClInclude Include="include\mcr\gfx\RenderState.h">
      <Filter>Header Files\gfx</Filter>
    </ClInclude>
    <ClInclude Include="include\mcr\gfx\Shader.h">
      <Filter>Header Files\gfx</Filter>
    </ClInclude>
    <ClInclude Include="include\mcr\gfx\ShaderProgram.h">
      <Filter>Header Files\gfx</Filter>
    </ClInclude>
    <ClInclude Include="include\mcr\gfx\Texture.h">
      <Filter>Header Files\gfx</Filter>
    </ClInclude>
    <ClInclude Include="include\mcr\gfx\VertexArray.h">
      <Filter>Header Files\gfx</Filter>
    </ClInclude>
    <ClInclude Include="include\mcr\gfx\VertexFormat.h">
      <Filter>Header Files\gfx</Filter>
    </ClInclude>
    <ClInclude Include="include\mcr\gfx\Context.h">
      <Filter>Header Files\gfx</Filter>
    </ClInclude>
    <ClInclude Include="include\mcr\gfx\GBuffer.h">
      <Filter>Header Files\gfx</Filter>
    </ClInclude>
    <ClInclude Include="include\mcr\Config.h">
      <Filter>Header Files</Filter>
    </ClInclude>
    <ClInclude Include="include\mcr\IPlugin.h">
      <Filter>Header Files</Filter>
    </ClInclude>
    <ClInclude Include="include\mcr\Debug.h">
      <Filter>Header Files</Filter>
    </ClInclude>
    <ClInclude Include="include\mcr\ExternalSingleton.h">
      <Filter>Header Files</Filter>
    </ClInclude>
    <ClInclude Include="include\mcr\Camera.h">
      <Filter>Header Files</Filter>
    </ClInclude>
    <ClInclude Include="include\mcr\Io.h">
      <Filter>Header Files</Filter>
    </ClInclude>
    <ClInclude Include="include\mcr\FileSystem.h">
      <Filter>Header Files</Filter>
    </ClInclude>
    <ClInclude Include="include\mcr\Timer.h">
      <Filter>Header Files</Filter>
    </ClInclude>
    <ClInclude Include="..\MassacreShared\include\mcr\bb\ByteBuffer.h">
      <Filter>Header Files\shared\bb</Filter>
    </ClInclude>
    <ClInclude Include="..\MassacreShared\include\mcr\bb\Manips.h">
      <Filter>Header Files\shared\bb</Filter>
    </ClInclude>
    <ClInclude Include="..\MassacreShared\include\mcr\math\Expr.h">
      <Filter>Header Files\shared\math</Filter>
    </ClInclude>
    <ClInclude Include="..\MassacreShared\include\mcr\math\Grid.h">
      <Filter>Header Files\shared\math</Filter>
    </ClInclude>
    <ClInclude Include="..\MassacreShared\include\mcr\math\Math.h">
      <Filter>Header Files\shared\math</Filter>
    </ClInclude>
    <ClInclude Include="..\MassacreShared\include\mcr\math\Matrix.h">
      <Filter>Header Files\shared\math</Filter>
    </ClInclude>
    <ClInclude Include="..\MassacreShared\include\mcr\math\Rect.h">
      <Filter>Header Files\shared\math</Filter>
    </ClInclude>
    <ClInclude Include="..\MassacreShared\include\mcr\math\Vector.h">
      <Filter>Header Files\shared\math</Filter>
    </ClInclude>
    <ClInclude Include="..\MassacreShared\include\mcr\MassacreTypes.h">
      <Filter>Header Files\shared</Filter>
    </ClInclude>
    <ClInclude Include="..\MassacreShared\include\mcr\NonCopyable.h">
      <Filter>Header Files\shared</Filter>
    </ClInclude>
    <ClInclude Include="..\MassacreShared\include\mcr\RefCounted.h">
      <Filter>Header Files\shared</Filter>
    </ClInclude>
    <ClInclude Include="..\MassacreShared\include\mcr\MassacreBuildConfig.h">
      <Filter>Header Files\shared</Filter>
    </ClInclude>
  </ItemGroup>
  <ItemGroup>
    <ClCompile Include="src\gfx\renderables\Mesh.cpp">
      <Filter>Source Files\gfx\renderables</Filter>
    </ClCompile>
    <ClCompile Include="src\gfx\renderables\SpriteBatch.cpp">
      <Filter>Source Files\gfx\renderables</Filter>
    </ClCompile>
    <ClCompile Include="src\gfx\Shader.cpp">
      <Filter>Source Files\gfx</Filter>
    </ClCompile>
    <ClCompile Include="src\gfx\ShaderProgram.cpp">
      <Filter>Source Files\gfx</Filter>
    </ClCompile>
    <ClCompile Include="src\gfx\Texture.cpp">
      <Filter>Source Files\gfx</Filter>
    </ClCompile>
    <ClCompile Include="src\gfx\VertexArray.cpp">
      <Filter>Source Files\gfx</Filter>
    </ClCompile>
    <ClCompile Include="src\gfx\VertexFormat.cpp">
      <Filter>Source Files\gfx</Filter>
    </ClCompile>
    <ClCompile Include="src\gfx\Context.cpp">
      <Filter>Source Files\gfx</Filter>
    </ClCompile>
    <ClCompile Include="src\gfx\GBuffer.cpp">
      <Filter>Source Files\gfx</Filter>
    </ClCompile>
    <ClCompile Include="src\gfx\GLUtility.cpp">
      <Filter>Source Files\gfx</Filter>
    </ClCompile>
    <ClCompile Include="src\gfx\Image.cpp">
      <Filter>Source Files\gfx</Filter>
    </ClCompile>
    <ClCompile Include="src\gfx\ImageFormat.cpp">
      <Filter>Source Files\gfx</Filter>
    </ClCompile>
    <ClCompile Include="src\gfx\Material.cpp">
      <Filter>Source Files\gfx</Filter>
    </ClCompile>
    <ClCompile Include="src\gfx\MaterialManager.cpp">
      <Filter>Source Files\gfx</Filter>
    </ClCompile>
    <ClCompile Include="src\Universe.cpp">
      <Filter>Source Files</Filter>
    </ClCompile>
    <ClCompile Include="src\Camera.cpp">
      <Filter>Source Files</Filter>
    </ClCompile>
    <ClCompile Include="src\Debug.cpp">
      <Filter>Source Files</Filter>
    </ClCompile>
    <ClCompile Include="src\FileSystem.cpp">
      <Filter>Source Files</Filter>
    </ClCompile>
    <ClCompile Include="src\main.cpp">
      <Filter>Source Files</Filter>
    </ClCompile>
    <ClCompile Include="src\Timer.cpp">
      <Filter>Source Files</Filter>
    </ClCompile>
    <ClCompile Include="src\Config.cpp">
      <Filter>Source Files</Filter>
    </ClCompile>
    <ClCompile Include="src\gfx\experimental\SimpleMeshImporter.cpp">
      <Filter>Source Files\gfx\experimental</Filter>
    </ClCompile>
    <ClCompile Include="src\gfx\experimental\SimpleMeshExporter.cpp">
      <Filter>Source Files\gfx\experimental</Filter>
    </ClCompile>
    <ClCompile Include="src\gfx\GType.cpp">
      <Filter>Source Files\gfx</Filter>
    </ClCompile>
  </ItemGroup>
  <ItemGroup>
    <None Include="include\mcr\gfx\GBuffer.inl">
      <Filter>Header Files\gfx</Filter>
    </None>
    <None Include="include\mcr\gfx\Image.inl">
      <Filter>Header Files\gfx</Filter>
    </None>
    <None Include="include\mcr\gfx\RenderState.inl">
      <Filter>Header Files\gfx</Filter>
    </None>
    <None Include="include\mcr\gfx\Shader.inl">
      <Filter>Header Files\gfx</Filter>
    </None>
    <None Include="include\mcr\gfx\VertexFormat.inl">
      <Filter>Header Files\gfx</Filter>
    </None>
    <None Include="include\mcr\gfx\Context.inl">
      <Filter>Header Files\gfx</Filter>
    </None>
    <None Include="include\mcr\Timer.inl">
      <Filter>Header Files</Filter>
    </None>
  </ItemGroup>
</Project>